
Microsoft Visual Studio Solution File, Format Version 12.00
# Visual Studio Version 17
VisualStudioVersion = 17.6.33723.286
MinimumVisualStudioVersion = 10.0.40219.1
Project("{FAE04EC0-301F-11D3-BF4B-00C04F79EFBC}") = "Delivery.Backend", "Delivery.Backend\Delivery.Backend.csproj", "{15E05656-236A-4D53-ACBF-33A53B693267}"
EndProject
Global
	GlobalSection(SolutionConfigurationPlatforms) = preSolution
		Debug|Any CPU = Debug|Any CPU
		Release|Any CPU = Release|Any CPU
	EndGlobalSection
	GlobalSection(ProjectConfigurationPlatforms) = postSolution
		{15E05656-236A-4D53-ACBF-33A53B693267}.Debug|Any CPU.ActiveCfg = Debug|Any CPU
		{15E05656-236A-4D53-ACBF-33A53B693267}.Debug|Any CPU.Build.0 = Debug|Any CPU
		{15E05656-236A-4D53-ACBF-33A53B693267}.Release|Any CPU.ActiveCfg = Release|Any CPU
		{15E05656-236A-4D53-ACBF-33A53B693267}.Release|Any CPU.Build.0 = Release|Any CPU
	EndGlobalSection
	GlobalSection(SolutionProperties) = preSolution
		HideSolutionNode = FALSE
	EndGlobalSection
	GlobalSection(ExtensibilityGlobals) = postSolution
		SolutionGuid = {DA7C05F6-3CC3-4F98-9FD1-4CF8E629B73C}
	EndGlobalSection
EndGlobal
